{
  "name": "ds-e2e-node-probe",
  "lockfileVersion": 3,
  "requires": true,
  "packages": {
    "": {
      "name": "ds-e2e-node-probe",
      "dependencies": {
        "@dr-sentry/sdk": "file:../../../../sdk/node"
      }
    },
    "../../../../sdk/node": {
      "name": "@dr-sentry/sdk",
      "version": "1.0.4",
      "license": "Apache-2.0",
      "dependencies": {
        "eventsource": "^2.0.2",
        "js-yaml": "^4.1.1"
      },
      "devDependencies": {
        "@types/jest": "^29.0.0",
        "@types/js-yaml": "^4.0.9",
        "@types/node": "^20.0.0",
        "jest": "^29.0.0",
        "ts-jest": "^29.0.0",
        "typescript": "^5.0.0"
      },
      "engines": {
        "node": ">=18"
      }
    },
    "node_modules/@dr-sentry/sdk": {
      "resolved": "../../../../sdk/node",
      "link": true
    }
  }
}
